
Microsoft Visual Studio Solution File, Format Version 12.00
# Visual Studio 2013
VisualStudioVersion = 12.0.40629.0
MinimumVisualStudioVersion = 10.0.40219.1
Project("{FAE04EC0-301F-11D3-BF4B-00C04F79EFBC}") = "Engine", "Engine\Engine.csproj", "{3AED9493-3776-433D-91FB-DCC97B1DF5E6}"
EndProject
Project("{2150E333-8FDC-42A3-9474-1A3956D46DE8}") = "WF", "WF", "{BE4DCB8D-3C1C-4A15-8009-AFC88EDDD9CA}"
EndProject
Project("{FAE04EC0-301F-11D3-BF4B-00C04F79EFBC}") = "Designer", "Designer\Designer.csproj", "{69A761BF-F2D7-418B-BDBB-A73C3C79BF70}"
EndProject
Project("{FAE04EC0-301F-11D3-BF4B-00C04F79EFBC}") = "FormBuilder", "FormBuilder\FormBuilder.csproj", "{A2FAC258-7C69-4974-89E5-44911F64A464}"
EndProject
Project("{2150E333-8FDC-42A3-9474-1A3956D46DE8}") = "App", "App", "{885F388C-E03C-4131-B7E9-F367FBF43D70}"
EndProject
Project("{FAE04EC0-301F-11D3-BF4B-00C04F79EFBC}") = "WeOA", "WeOA\WeOA.csproj", "{0B8FFAA8-ED57-45FE-B6FA-FE7899223A44}"
EndProject
Project("{2150E333-8FDC-42A3-9474-1A3956D46DE8}") = "Data", "Data", "{EA299EA2-DF34-4A24-876F-E06A2D3A7596}"
EndProject
Project("{FAE04EC0-301F-11D3-BF4B-00C04F79EFBC}") = "Dapper", "Dapper\Dapper.csproj", "{8853292C-66B4-4221-A9EF-45AA3E86233C}"
EndProject
Global
	GlobalSection(SolutionConfigurationPlatforms) = preSolution
		Debug|Any CPU = Debug|Any CPU
		Release|Any CPU = Release|Any CPU
	EndGlobalSection
	GlobalSection(ProjectConfigurationPlatforms) = postSolution
		{3AED9493-3776-433D-91FB-DCC97B1DF5E6}.Debug|Any CPU.ActiveCfg = Debug|Any CPU
		{3AED9493-3776-433D-91FB-DCC97B1DF5E6}.Debug|Any CPU.Build.0 = Debug|Any CPU
		{3AED9493-3776-433D-91FB-DCC97B1DF5E6}.Release|Any CPU.ActiveCfg = Release|Any CPU
		{3AED9493-3776-433D-91FB-DCC97B1DF5E6}.Release|Any CPU.Build.0 = Release|Any CPU
		{69A761BF-F2D7-418B-BDBB-A73C3C79BF70}.Debug|Any CPU.ActiveCfg = Debug|Any CPU
		{69A761BF-F2D7-418B-BDBB-A73C3C79BF70}.Debug|Any CPU.Build.0 = Debug|Any CPU
		{69A761BF-F2D7-418B-BDBB-A73C3C79BF70}.Release|Any CPU.ActiveCfg = Release|Any CPU
		{69A761BF-F2D7-418B-BDBB-A73C3C79BF70}.Release|Any CPU.Build.0 = Release|Any CPU
		{A2FAC258-7C69-4974-89E5-44911F64A464}.Debug|Any CPU.ActiveCfg = Debug|Any CPU
		{A2FAC258-7C69-4974-89E5-44911F64A464}.Debug|Any CPU.Build.0 = Debug|Any CPU
		{A2FAC258-7C69-4974-89E5-44911F64A464}.Release|Any CPU.ActiveCfg = Release|Any CPU
		{A2FAC258-7C69-4974-89E5-44911F64A464}.Release|Any CPU.Build.0 = Release|Any CPU
		{0B8FFAA8-ED57-45FE-B6FA-FE7899223A44}.Debug|Any CPU.ActiveCfg = Debug|Any CPU
		{0B8FFAA8-ED57-45FE-B6FA-FE7899223A44}.Debug|Any CPU.Build.0 = Debug|Any CPU
		{0B8FFAA8-ED57-45FE-B6FA-FE7899223A44}.Release|Any CPU.ActiveCfg = Release|Any CPU
		{0B8FFAA8-ED57-45FE-B6FA-FE7899223A44}.Release|Any CPU.Build.0 = Release|Any CPU
		{8853292C-66B4-4221-A9EF-45AA3E86233C}.Debug|Any CPU.ActiveCfg = Debug|Any CPU
		{8853292C-66B4-4221-A9EF-45AA3E86233C}.Debug|Any CPU.Build.0 = Debug|Any CPU
		{8853292C-66B4-4221-A9EF-45AA3E86233C}.Release|Any CPU.ActiveCfg = Release|Any CPU
		{8853292C-66B4-4221-A9EF-45AA3E86233C}.Release|Any CPU.Build.0 = Release|Any CPU
	EndGlobalSection
	GlobalSection(SolutionProperties) = preSolution
		HideSolutionNode = FALSE
	EndGlobalSection
	GlobalSection(NestedProjects) = preSolution
		{3AED9493-3776-433D-91FB-DCC97B1DF5E6} = {BE4DCB8D-3C1C-4A15-8009-AFC88EDDD9CA}
		{69A761BF-F2D7-418B-BDBB-A73C3C79BF70} = {BE4DCB8D-3C1C-4A15-8009-AFC88EDDD9CA}
		{A2FAC258-7C69-4974-89E5-44911F64A464} = {BE4DCB8D-3C1C-4A15-8009-AFC88EDDD9CA}
		{0B8FFAA8-ED57-45FE-B6FA-FE7899223A44} = {885F388C-E03C-4131-B7E9-F367FBF43D70}
		{8853292C-66B4-4221-A9EF-45AA3E86233C} = {EA299EA2-DF34-4A24-876F-E06A2D3A7596}
	EndGlobalSection
EndGlobal
